PODS:
  - Flutter (1.0.0)
  - in_app_purchase (0.0.1):
    - Flutter
  - Purchases (3.7.2):
    - PurchasesCoreSwift (= 3.7.2)
  - purchases_flutter (1.4.0):
    - Flutter
    - PurchasesHybridCommon (= 1.4.4)
  - PurchasesCoreSwift (3.7.2)
  - PurchasesHybridCommon (1.4.4):
    - Purchases (= 3.7.2)
  - url_launcher (0.0.1):
    - Flutter

DEPENDENCIES:
  - Flutter (from `Flutter`)
  - in_app_purchase (from `.symlinks/plugins/in_app_purchase/ios`)
  - purchases_flutter (from `.symlinks/plugins/purchases_flutter/ios`)
  - url_launcher (from `.symlinks/plugins/url_launcher/ios`)

SPEC REPOS:
  trunk:
    - Purchases
    - PurchasesCoreSwift
    - PurchasesHybridCommon

EXTERNAL SOURCES:
  Flutter:
    :path: Flutter
  in_app_purchase:
    :path: ".symlinks/plugins/in_app_purchase/ios"
  purchases_flutter:
    :path: ".symlinks/plugins/purchases_flutter/ios"
  url_launcher:
    :path: ".symlinks/plugins/url_launcher/ios"

SPEC CHECKSUMS:
  Flutter: 0e3d915762c693b495b44d77113d4970485de6ec
  in_app_purchase: 3e2155afa9d03d4fa32d9e62d567885080ce97d6
  Purchases: f4b90cb0493bc32b4c9a1037cf0953df7dd89834
  purchases_flutter: 38a515e7bbf2e00b22ee8a5cf593e8c2561f2969
  PurchasesCoreSwift: 8b5b6ae27eba12fcd123165e486f8ac128e35d45
  PurchasesHybridCommon: 9aa4f8f416d9796b60f763455d56c64949dc2db8
  url_launcher: 6fef411d543ceb26efce54b05a0a40bfd74cbbef

PODFILE CHECKSUM: a75497545d4391e2d394c3668e20cfb1c2bbd4aa

COCOAPODS: 1.9.3
